{
  "name": "app-a",
  "version": "1.0.0",
  "lockfileVersion": 1,
  "requires": true,
  "dependencies": {
    "lodash": {
      "version": "4.17.18",
      "resolved": "https://registry.npmjs.org/lodash/-/lodash-4.17.18.tgz",
      "integrity": "sha512-au4L1q0HKcaaa37qOdpWWhwzDnB/taYJfRiKULnaT+Ml9UaBIjJ2SOJMeLtSeeLT+zUdyFMm0+ts+j4eeuUpIA=="
    },
    "moment": {
      "version": "2.29.2",
      "resolved": "https://registry.npmjs.org/moment/-/moment-2.29.2.tgz",
      "integrity": "sha512-UgzG4rvxYpN15jgCmVJwac49h9ly9NurikMWGPdVxm8GZD6XjkKPxDTjQQ43gtGgnV3X0cAyWDdP2Wexoquifg=="
    }
  }
}
