{
  "name": "app-a",
  "version": "1.0.0",
  "lockfileVersion": 1,
  "requires": true,
  "dependencies": {
    "lib-b": {
      "version": "file:../lib-b",
      "requires": {
        "lib-c": "file:../lib-c"
      },
      "dependencies": {
        "lib-c": {
          "version": "file:../lib-c"
        }
      }
    }
  }
}
